
Microsoft Visual Studio Solution File, Format Version 12.00
# Visual Studio Version 17
VisualStudioVersion = 17.1.32210.238
MinimumVisualStudioVersion = 10.0.40219.1
Project("{FAE04EC0-301F-11D3-BF4B-00C04F79EFBC}") = "Cliente", "Cliente\Cliente.csproj", "{42BE540C-4574-498E-AFDB-53CB043838B3}"
EndProject
Global
	GlobalSection(SolutionConfigurationPlatforms) = preSolution
		Debug|Any CPU = Debug|Any CPU
		Release|Any CPU = Release|Any CPU
	EndGlobalSection
	GlobalSection(ProjectConfigurationPlatforms) = postSolution
		{42BE540C-4574-498E-AFDB-53CB043838B3}.Debug|Any CPU.ActiveCfg = Debug|Any CPU
		{42BE540C-4574-498E-AFDB-53CB043838B3}.Debug|Any CPU.Build.0 = Debug|Any CPU
		{42BE540C-4574-498E-AFDB-53CB043838B3}.Release|Any CPU.ActiveCfg = Release|Any CPU
		{42BE540C-4574-498E-AFDB-53CB043838B3}.Release|Any CPU.Build.0 = Release|Any CPU
	EndGlobalSection
	GlobalSection(SolutionProperties) = preSolution
		HideSolutionNode = FALSE
	EndGlobalSection
	GlobalSection(ExtensibilityGlobals) = postSolution
		SolutionGuid = {36A9427F-BDC5-4069-8ED1-A9C9566C392D}
	EndGlobalSection
EndGlobal
